
Microsoft Visual Studio Solution File, Format Version 12.00
# Visual Studio Version 17
VisualStudioVersion = 17.14.36408.4
MinimumVisualStudioVersion = 10.0.40219.1
Project("{FAE04EC0-301F-11D3-BF4B-00C04F79EFBC}") = "Hotel-Management.Web", "BTL_Hotel_Management\Hotel-Management.Web.csproj", "{4AA72359-2CF1-426C-A915-C5168D7A4CAD}"
EndProject
Project("{FAE04EC0-301F-11D3-BF4B-00C04F79EFBC}") = "HotelManagement.Core", "HotelManagement\HotelManagement.Core.csproj", "{A1D34808-703C-40F7-AE53-3451D08E54FF}"
EndProject
Project("{FAE04EC0-301F-11D3-BF4B-00C04F79EFBC}") = "HotelManagement.Infrastructure", "HotelManagement.Infrastructure\HotelManagement.Infrastructure.csproj", "{61368A28-2772-4322-82A2-918D0DB84E8E}"
EndProject
Project("{FAE04EC0-301F-11D3-BF4B-00C04F79EFBC}") = "HotelManagement.Shared", "HotelManagement.Shared\HotelManagement.Shared.csproj", "{0A4AB1A8-29F9-4F6A-8A35-4D88C87BB113}"
EndProject
Project("{FAE04EC0-301F-11D3-BF4B-00C04F79EFBC}") = "HotelManagement.Tests", "HotelManagement.Tests\HotelManagement.Tests.csproj", "{8418714F-2DD1-448E-AE6A-71DBAC159705}"
EndProject
Global
	GlobalSection(SolutionConfigurationPlatforms) = preSolution
		Debug|Any CPU = Debug|Any CPU
		Release|Any CPU = Release|Any CPU
	EndGlobalSection
	GlobalSection(ProjectConfigurationPlatforms) = postSolution
		{4AA72359-2CF1-426C-A915-C5168D7A4CAD}.Debug|Any CPU.ActiveCfg = Debug|Any CPU
		{4AA72359-2CF1-426C-A915-C5168D7A4CAD}.Debug|Any CPU.Build.0 = Debug|Any CPU
		{4AA72359-2CF1-426C-A915-C5168D7A4CAD}.Release|Any CPU.ActiveCfg = Release|Any CPU
		{4AA72359-2CF1-426C-A915-C5168D7A4CAD}.Release|Any CPU.Build.0 = Release|Any CPU
		{A1D34808-703C-40F7-AE53-3451D08E54FF}.Debug|Any CPU.ActiveCfg = Debug|Any CPU
		{A1D34808-703C-40F7-AE53-3451D08E54FF}.Debug|Any CPU.Build.0 = Debug|Any CPU
		{A1D34808-703C-40F7-AE53-3451D08E54FF}.Release|Any CPU.ActiveCfg = Release|Any CPU
		{A1D34808-703C-40F7-AE53-3451D08E54FF}.Release|Any CPU.Build.0 = Release|Any CPU
		{61368A28-2772-4322-82A2-918D0DB84E8E}.Debug|Any CPU.ActiveCfg = Debug|Any CPU
		{61368A28-2772-4322-82A2-918D0DB84E8E}.Debug|Any CPU.Build.0 = Debug|Any CPU
		{61368A28-2772-4322-82A2-918D0DB84E8E}.Release|Any CPU.ActiveCfg = Release|Any CPU
		{61368A28-2772-4322-82A2-918D0DB84E8E}.Release|Any CPU.Build.0 = Release|Any CPU
		{0A4AB1A8-29F9-4F6A-8A35-4D88C87BB113}.Debug|Any CPU.ActiveCfg = Debug|Any CPU
		{0A4AB1A8-29F9-4F6A-8A35-4D88C87BB113}.Debug|Any CPU.Build.0 = Debug|Any CPU
		{0A4AB1A8-29F9-4F6A-8A35-4D88C87BB113}.Release|Any CPU.ActiveCfg = Release|Any CPU
		{0A4AB1A8-29F9-4F6A-8A35-4D88C87BB113}.Release|Any CPU.Build.0 = Release|Any CPU
		{8418714F-2DD1-448E-AE6A-71DBAC159705}.Debug|Any CPU.ActiveCfg = Debug|Any CPU
		{8418714F-2DD1-448E-AE6A-71DBAC159705}.Debug|Any CPU.Build.0 = Debug|Any CPU
		{8418714F-2DD1-448E-AE6A-71DBAC159705}.Release|Any CPU.ActiveCfg = Release|Any CPU
		{8418714F-2DD1-448E-AE6A-71DBAC159705}.Release|Any CPU.Build.0 = Release|Any CPU
	EndGlobalSection
	GlobalSection(SolutionProperties) = preSolution
		HideSolutionNode = FALSE
	EndGlobalSection
	GlobalSection(ExtensibilityGlobals) = postSolution
		SolutionGuid = {E9AC5CFF-77EC-4678-9D7B-A40A0C1D6075}
	EndGlobalSection
EndGlobal
